
Microsoft Visual Studio Solution File, Format Version 12.00
# Visual Studio Version 17
VisualStudioVersion = 17.4.33213.308
MinimumVisualStudioVersion = 10.0.40219.1
Project("{FAE04EC0-301F-11D3-BF4B-00C04F79EFBC}") = "yazilimGelistiriciKampi_Gun1", "yazilimGelistiriciKampi_Gun1\yazilimGelistiriciKampi_Gun1.csproj", "{B78FA716-9499-4B2D-A0E3-4C2733DCA329}"
EndProject
Global
	GlobalSection(SolutionConfigurationPlatforms) = preSolution
		Debug|Any CPU = Debug|Any CPU
		Release|Any CPU = Release|Any CPU
	EndGlobalSection
	GlobalSection(ProjectConfigurationPlatforms) = postSolution
		{B78FA716-9499-4B2D-A0E3-4C2733DCA329}.Debug|Any CPU.ActiveCfg = Debug|Any CPU
		{B78FA716-9499-4B2D-A0E3-4C2733DCA329}.Debug|Any CPU.Build.0 = Debug|Any CPU
		{B78FA716-9499-4B2D-A0E3-4C2733DCA329}.Release|Any CPU.ActiveCfg = Release|Any CPU
		{B78FA716-9499-4B2D-A0E3-4C2733DCA329}.Release|Any CPU.Build.0 = Release|Any CPU
	EndGlobalSection
	GlobalSection(SolutionProperties) = preSolution
		HideSolutionNode = FALSE
	EndGlobalSection
	GlobalSection(ExtensibilityGlobals) = postSolution
		SolutionGuid = {CF895282-2B77-4757-8A6F-935B4EBD08F6}
	EndGlobalSection
EndGlobal
